
Microsoft Visual Studio Solution File, Format Version 12.00
# Visual Studio Version 16
VisualStudioVersion = 16.0.31605.320
MinimumVisualStudioVersion = 10.0.40219.1
Project("{FAE04EC0-301F-11D3-BF4B-00C04F79EFBC}") = "SP-API", "SP-API\SP-API.csproj", "{2E953D73-4C40-4BAE-B300-8A040908BFF3}"
EndProject
Global
	GlobalSection(SolutionConfigurationPlatforms) = preSolution
		Debug|Any CPU = Debug|Any CPU
		Release|Any CPU = Release|Any CPU
	EndGlobalSection
	GlobalSection(ProjectConfigurationPlatforms) = postSolution
		{2E953D73-4C40-4BAE-B300-8A040908BFF3}.Debug|Any CPU.ActiveCfg = Debug|Any CPU
		{2E953D73-4C40-4BAE-B300-8A040908BFF3}.Debug|Any CPU.Build.0 = Debug|Any CPU
		{2E953D73-4C40-4BAE-B300-8A040908BFF3}.Release|Any CPU.ActiveCfg = Release|Any CPU
		{2E953D73-4C40-4BAE-B300-8A040908BFF3}.Release|Any CPU.Build.0 = Release|Any CPU
	EndGlobalSection
	GlobalSection(SolutionProperties) = preSolution
		HideSolutionNode = FALSE
	EndGlobalSection
	GlobalSection(ExtensibilityGlobals) = postSolution
		SolutionGuid = {9CD36253-5D9D-4C78-9FD1-CED4267A58C9}
	EndGlobalSection
EndGlobal
